
Microsoft Visual Studio Solution File, Format Version 12.00
# Visual Studio Version 16
VisualStudioVersion = 16.0.30907.101
MinimumVisualStudioVersion = 10.0.40219.1
Project("{8BC9CEB8-8B4A-11D0-8D11-00A0C91BC942}") = "task3_for", "task3_for\task3_for.vcxproj", "{DFA3F0F0-E8ED-4040-AD6C-6E2472DC5374}"
EndProject
Project("{8BC9CEB8-8B4A-11D0-8D11-00A0C91BC942}") = "task3_while", "task3_while\task3_while.vcxproj", "{6EA32C76-CC11-4FDF-AC07-2BA2E3D79778}"
EndProject
Project("{8BC9CEB8-8B4A-11D0-8D11-00A0C91BC942}") = "task3_do_while", "task3_do_while\task3_do_while.vcxproj", "{0AB375F1-E7CF-4FF9-A9E6-22CF09EC7CD7}"
EndProject
Global
	GlobalSection(SolutionConfigurationPlatforms) = preSolution
		Debug|x64 = Debug|x64
		Debug|x86 = Debug|x86
		Release|x64 = Release|x64
		Release|x86 = Release|x86
	EndGlobalSection
	GlobalSection(ProjectConfigurationPlatforms) = postSolution
		{DFA3F0F0-E8ED-4040-AD6C-6E2472DC5374}.Debug|x64.ActiveCfg = Debug|x64
		{DFA3F0F0-E8ED-4040-AD6C-6E2472DC5374}.Debug|x64.Build.0 = Debug|x64
		{DFA3F0F0-E8ED-4040-AD6C-6E2472DC5374}.Debug|x86.ActiveCfg = Debug|Win32
		{DFA3F0F0-E8ED-4040-AD6C-6E2472DC5374}.Debug|x86.Build.0 = Debug|Win32
		{DFA3F0F0-E8ED-4040-AD6C-6E2472DC5374}.Release|x64.ActiveCfg = Release|x64
		{DFA3F0F0-E8ED-4040-AD6C-6E2472DC5374}.Release|x64.Build.0 = Release|x64
		{DFA3F0F0-E8ED-4040-AD6C-6E2472DC5374}.Release|x86.ActiveCfg = Release|Win32
		{DFA3F0F0-E8ED-4040-AD6C-6E2472DC5374}.Release|x86.Build.0 = Release|Win32
		{6EA32C76-CC11-4FDF-AC07-2BA2E3D79778}.Debug|x64.ActiveCfg = Debug|x64
		{6EA32C76-CC11-4FDF-AC07-2BA2E3D79778}.Debug|x64.Build.0 = Debug|x64
		{6EA32C76-CC11-4FDF-AC07-2BA2E3D79778}.Debug|x86.ActiveCfg = Debug|Win32
		{6EA32C76-CC11-4FDF-AC07-2BA2E3D79778}.Debug|x86.Build.0 = Debug|Win32
		{6EA32C76-CC11-4FDF-AC07-2BA2E3D79778}.Release|x64.ActiveCfg = Release|x64
		{6EA32C76-CC11-4FDF-AC07-2BA2E3D79778}.Release|x64.Build.0 = Release|x64
		{6EA32C76-CC11-4FDF-AC07-2BA2E3D79778}.Release|x86.ActiveCfg = Release|Win32
		{6EA32C76-CC11-4FDF-AC07-2BA2E3D79778}.Release|x86.Build.0 = Release|Win32
		{0AB375F1-E7CF-4FF9-A9E6-22CF09EC7CD7}.Debug|x64.ActiveCfg = Debug|x64
		{0AB375F1-E7CF-4FF9-A9E6-22CF09EC7CD7}.Debug|x64.Build.0 = Debug|x64
		{0AB375F1-E7CF-4FF9-A9E6-22CF09EC7CD7}.Debug|x86.ActiveCfg = Debug|Win32
		{0AB375F1-E7CF-4FF9-A9E6-22CF09EC7CD7}.Debug|x86.Build.0 = Debug|Win32
		{0AB375F1-E7CF-4FF9-A9E6-22CF09EC7CD7}.Release|x64.ActiveCfg = Release|x64
		{0AB375F1-E7CF-4FF9-A9E6-22CF09EC7CD7}.Release|x64.Build.0 = Release|x64
		{0AB375F1-E7CF-4FF9-A9E6-22CF09EC7CD7}.Release|x86.ActiveCfg = Release|Win32
		{0AB375F1-E7CF-4FF9-A9E6-22CF09EC7CD7}.Release|x86.Build.0 = Release|Win32
	EndGlobalSection
	GlobalSection(SolutionProperties) = preSolution
		HideSolutionNode = FALSE
	EndGlobalSection
	GlobalSection(ExtensibilityGlobals) = postSolution
		SolutionGuid = {8A0F4A30-080A-4713-9AE0-89B4601769DF}
	EndGlobalSection
EndGlobal
